
Microsoft Visual Studio Solution File, Format Version 12.00
# Visual Studio Version 17
VisualStudioVersion = 17.10.34916.146
MinimumVisualStudioVersion = 10.0.40219.1
Project("{FAE04EC0-301F-11D3-BF4B-00C04F79EFBC}") = "BincomDev C# Trainee Test", "BincomDev C# Trainee Test.csproj", "{733BA632-C6BC-4CAC-A9E2-42646D2F69AD}"
EndProject
Global
	GlobalSection(SolutionConfigurationPlatforms) = preSolution
		Debug|Any CPU = Debug|Any CPU
		Release|Any CPU = Release|Any CPU
	EndGlobalSection
	GlobalSection(ProjectConfigurationPlatforms) = postSolution
		{733BA632-C6BC-4CAC-A9E2-42646D2F69AD}.Debug|Any CPU.ActiveCfg = Debug|Any CPU
		{733BA632-C6BC-4CAC-A9E2-42646D2F69AD}.Debug|Any CPU.Build.0 = Debug|Any CPU
		{733BA632-C6BC-4CAC-A9E2-42646D2F69AD}.Release|Any CPU.ActiveCfg = Release|Any CPU
		{733BA632-C6BC-4CAC-A9E2-42646D2F69AD}.Release|Any CPU.Build.0 = Release|Any CPU
	EndGlobalSection
	GlobalSection(SolutionProperties) = preSolution
		HideSolutionNode = FALSE
	EndGlobalSection
	GlobalSection(ExtensibilityGlobals) = postSolution
		SolutionGuid = {3304060C-B85E-4B7F-B8A6-AC639B302C9A}
	EndGlobalSection
EndGlobal
